
Microsoft Visual Studio Solution File, Format Version 12.00
# Visual Studio 2012
Project("{FAE04EC0-301F-11D3-BF4B-00C04F79EFBC}") = "MediaGlobalHotkeys", "MediaGlobalHotkeys\MediaGlobalHotkeys.csproj", "{D95DC4BE-AA0F-4EBB-ADE4-F4D6A7904578}"
EndProject
Global
	GlobalSection(SolutionConfigurationPlatforms) = preSolution
		Debug|Any CPU = Debug|Any CPU
		Release|Any CPU = Release|Any CPU
	EndGlobalSection
	GlobalSection(ProjectConfigurationPlatforms) = postSolution
		{D95DC4BE-AA0F-4EBB-ADE4-F4D6A7904578}.Debug|Any CPU.ActiveCfg = Debug|Any CPU
		{D95DC4BE-AA0F-4EBB-ADE4-F4D6A7904578}.Debug|Any CPU.Build.0 = Debug|Any CPU
		{D95DC4BE-AA0F-4EBB-ADE4-F4D6A7904578}.Release|Any CPU.ActiveCfg = Release|Any CPU
		{D95DC4BE-AA0F-4EBB-ADE4-F4D6A7904578}.Release|Any CPU.Build.0 = Release|Any CPU
	EndGlobalSection
	GlobalSection(SolutionProperties) = preSolution
		HideSolutionNode = FALSE
	EndGlobalSection
EndGlobal
